
Microsoft Visual Studio Solution File, Format Version 12.00
# Visual Studio Version 17
VisualStudioVersion = 17.8.34330.188
MinimumVisualStudioVersion = 10.0.40219.1
Project("{FAE04EC0-301F-11D3-BF4B-00C04F79EFBC}") = "Wallet.Application", "Wallet.Application.csproj", "{9517EDA8-BE8B-4BF3-992C-D52253EAB016}"
EndProject
Project("{FAE04EC0-301F-11D3-BF4B-00C04F79EFBC}") = "Wallet.Domain", "..\Wallet.Domain\Wallet.Domain.csproj", "{9D552FFF-D276-4A7A-A09A-0545765ACB59}"
EndProject
Project("{FAE04EC0-301F-11D3-BF4B-00C04F79EFBC}") = "Wallet.DataAccess", "..\Wallet.DataAccess\Wallet.DataAccess.csproj", "{8B8F0A91-D63B-4E3F-A184-4B93411F4F26}"
EndProject
Project("{FAE04EC0-301F-11D3-BF4B-00C04F79EFBC}") = "Wallet.Infrastructure", "..\Wallet.Infrastructure\Wallet.Infrastructure.csproj", "{E535C267-7902-4E51-8F2B-F6BD91F7A86E}"
EndProject
Project("{FAE04EC0-301F-11D3-BF4B-00C04F79EFBC}") = "Wallet.Service", "..\Wallet.Service\Wallet.Service.csproj", "{BD7BCB7C-D4F7-45E2-A77A-1F0134F68911}"
EndProject
Global
	GlobalSection(SolutionConfigurationPlatforms) = preSolution
		Debug|Any CPU = Debug|Any CPU
		Release|Any CPU = Release|Any CPU
	EndGlobalSection
	GlobalSection(ProjectConfigurationPlatforms) = postSolution
		{9517EDA8-BE8B-4BF3-992C-D52253EAB016}.Debug|Any CPU.ActiveCfg = Debug|Any CPU
		{9517EDA8-BE8B-4BF3-992C-D52253EAB016}.Debug|Any CPU.Build.0 = Debug|Any CPU
		{9517EDA8-BE8B-4BF3-992C-D52253EAB016}.Release|Any CPU.ActiveCfg = Release|Any CPU
		{9517EDA8-BE8B-4BF3-992C-D52253EAB016}.Release|Any CPU.Build.0 = Release|Any CPU
		{9D552FFF-D276-4A7A-A09A-0545765ACB59}.Debug|Any CPU.ActiveCfg = Debug|Any CPU
		{9D552FFF-D276-4A7A-A09A-0545765ACB59}.Debug|Any CPU.Build.0 = Debug|Any CPU
		{9D552FFF-D276-4A7A-A09A-0545765ACB59}.Release|Any CPU.ActiveCfg = Release|Any CPU
		{9D552FFF-D276-4A7A-A09A-0545765ACB59}.Release|Any CPU.Build.0 = Release|Any CPU
		{8B8F0A91-D63B-4E3F-A184-4B93411F4F26}.Debug|Any CPU.ActiveCfg = Debug|Any CPU
		{8B8F0A91-D63B-4E3F-A184-4B93411F4F26}.Debug|Any CPU.Build.0 = Debug|Any CPU
		{8B8F0A91-D63B-4E3F-A184-4B93411F4F26}.Release|Any CPU.ActiveCfg = Release|Any CPU
		{8B8F0A91-D63B-4E3F-A184-4B93411F4F26}.Release|Any CPU.Build.0 = Release|Any CPU
		{E535C267-7902-4E51-8F2B-F6BD91F7A86E}.Debug|Any CPU.ActiveCfg = Debug|Any CPU
		{E535C267-7902-4E51-8F2B-F6BD91F7A86E}.Debug|Any CPU.Build.0 = Debug|Any CPU
		{E535C267-7902-4E51-8F2B-F6BD91F7A86E}.Release|Any CPU.ActiveCfg = Release|Any CPU
		{E535C267-7902-4E51-8F2B-F6BD91F7A86E}.Release|Any CPU.Build.0 = Release|Any CPU
		{BD7BCB7C-D4F7-45E2-A77A-1F0134F68911}.Debug|Any CPU.ActiveCfg = Debug|Any CPU
		{BD7BCB7C-D4F7-45E2-A77A-1F0134F68911}.Debug|Any CPU.Build.0 = Debug|Any CPU
		{BD7BCB7C-D4F7-45E2-A77A-1F0134F68911}.Release|Any CPU.ActiveCfg = Release|Any CPU
		{BD7BCB7C-D4F7-45E2-A77A-1F0134F68911}.Release|Any CPU.Build.0 = Release|Any CPU
	EndGlobalSection
	GlobalSection(SolutionProperties) = preSolution
		HideSolutionNode = FALSE
	EndGlobalSection
	GlobalSection(ExtensibilityGlobals) = postSolution
		SolutionGuid = {0E7011F3-8BFC-4E11-BDEF-D365D219818F}
	EndGlobalSection
EndGlobal
